
Microsoft Visual Studio Solution File, Format Version 12.00
# Visual Studio Version 17
VisualStudioVersion = 17.3.32901.215
MinimumVisualStudioVersion = 10.0.40219.1
Project("{FAE04EC0-301F-11D3-BF4B-00C04F79EFBC}") = "LEC_04_HW", "LEC_04_HW.csproj", "{9BB46E18-296A-41E9-9264-3E89C9E8D400}"
EndProject
Global
	GlobalSection(SolutionConfigurationPlatforms) = preSolution
		Debug|Any CPU = Debug|Any CPU
		Release|Any CPU = Release|Any CPU
	EndGlobalSection
	GlobalSection(ProjectConfigurationPlatforms) = postSolution
		{9BB46E18-296A-41E9-9264-3E89C9E8D400}.Debug|Any CPU.ActiveCfg = Debug|Any CPU
		{9BB46E18-296A-41E9-9264-3E89C9E8D400}.Debug|Any CPU.Build.0 = Debug|Any CPU
		{9BB46E18-296A-41E9-9264-3E89C9E8D400}.Release|Any CPU.ActiveCfg = Release|Any CPU
		{9BB46E18-296A-41E9-9264-3E89C9E8D400}.Release|Any CPU.Build.0 = Release|Any CPU
	EndGlobalSection
	GlobalSection(SolutionProperties) = preSolution
		HideSolutionNode = FALSE
	EndGlobalSection
	GlobalSection(ExtensibilityGlobals) = postSolution
		SolutionGuid = {0DBDA87D-4FE0-4C0B-AA79-04E32B48A2AB}
	EndGlobalSection
EndGlobal
